
Microsoft Visual Studio Solution File, Format Version 12.00
# Visual Studio Version 16
VisualStudioVersion = 16.0.32901.82
MinimumVisualStudioVersion = 10.0.40219.1
Project("{FAE04EC0-301F-11D3-BF4B-00C04F79EFBC}") = "Zadanie2", "Zadanie2\Zadanie2.csproj", "{374C673B-89FE-4004-86A1-151D50EF77A7}"
EndProject
Global
	GlobalSection(SolutionConfigurationPlatforms) = preSolution
		Debug|Any CPU = Debug|Any CPU
		Release|Any CPU = Release|Any CPU
	EndGlobalSection
	GlobalSection(ProjectConfigurationPlatforms) = postSolution
		{374C673B-89FE-4004-86A1-151D50EF77A7}.Debug|Any CPU.ActiveCfg = Debug|Any CPU
		{374C673B-89FE-4004-86A1-151D50EF77A7}.Debug|Any CPU.Build.0 = Debug|Any CPU
		{374C673B-89FE-4004-86A1-151D50EF77A7}.Release|Any CPU.ActiveCfg = Release|Any CPU
		{374C673B-89FE-4004-86A1-151D50EF77A7}.Release|Any CPU.Build.0 = Release|Any CPU
	EndGlobalSection
	GlobalSection(SolutionProperties) = preSolution
		HideSolutionNode = FALSE
	EndGlobalSection
	GlobalSection(ExtensibilityGlobals) = postSolution
		SolutionGuid = {B63748BC-2BA6-487E-A2E7-8448A7F38AA5}
	EndGlobalSection
EndGlobal
